
Microsoft Visual Studio Solution File, Format Version 12.00
# Visual Studio Version 17
VisualStudioVersion = 17.11.35222.181
MinimumVisualStudioVersion = 10.0.40219.1
Project("{8BC9CEB8-8B4A-11D0-8D11-00A0C91BC942}") = "ReactorHttp-Cpp", "ReactorHttp-Cpp\ReactorHttp-Cpp.vcxproj", "{76735BC3-6E57-49F1-9728-6F67189500AB}"
EndProject
Global
	GlobalSection(SolutionConfigurationPlatforms) = preSolution
		Debug|ARM = Debug|ARM
		Debug|ARM64 = Debug|ARM64
		Debug|x64 = Debug|x64
		Debug|x86 = Debug|x86
		Release|ARM = Release|ARM
		Release|ARM64 = Release|ARM64
		Release|x64 = Release|x64
		Release|x86 = Release|x86
	EndGlobalSection
	GlobalSection(ProjectConfigurationPlatforms) = postSolution
		{76735BC3-6E57-49F1-9728-6F67189500AB}.Debug|ARM.ActiveCfg = Debug|ARM
		{76735BC3-6E57-49F1-9728-6F67189500AB}.Debug|ARM.Build.0 = Debug|ARM
		{76735BC3-6E57-49F1-9728-6F67189500AB}.Debug|ARM.Deploy.0 = Debug|ARM
		{76735BC3-6E57-49F1-9728-6F67189500AB}.Debug|ARM64.ActiveCfg = Debug|ARM64
		{76735BC3-6E57-49F1-9728-6F67189500AB}.Debug|ARM64.Build.0 = Debug|ARM64
		{76735BC3-6E57-49F1-9728-6F67189500AB}.Debug|ARM64.Deploy.0 = Debug|ARM64
		{76735BC3-6E57-49F1-9728-6F67189500AB}.Debug|x64.ActiveCfg = Debug|x64
		{76735BC3-6E57-49F1-9728-6F67189500AB}.Debug|x64.Build.0 = Debug|x64
		{76735BC3-6E57-49F1-9728-6F67189500AB}.Debug|x64.Deploy.0 = Debug|x64
		{76735BC3-6E57-49F1-9728-6F67189500AB}.Debug|x86.ActiveCfg = Debug|x86
		{76735BC3-6E57-49F1-9728-6F67189500AB}.Debug|x86.Build.0 = Debug|x86
		{76735BC3-6E57-49F1-9728-6F67189500AB}.Debug|x86.Deploy.0 = Debug|x86
		{76735BC3-6E57-49F1-9728-6F67189500AB}.Release|ARM.ActiveCfg = Release|ARM
		{76735BC3-6E57-49F1-9728-6F67189500AB}.Release|ARM.Build.0 = Release|ARM
		{76735BC3-6E57-49F1-9728-6F67189500AB}.Release|ARM.Deploy.0 = Release|ARM
		{76735BC3-6E57-49F1-9728-6F67189500AB}.Release|ARM64.ActiveCfg = Release|ARM64
		{76735BC3-6E57-49F1-9728-6F67189500AB}.Release|ARM64.Build.0 = Release|ARM64
		{76735BC3-6E57-49F1-9728-6F67189500AB}.Release|ARM64.Deploy.0 = Release|ARM64
		{76735BC3-6E57-49F1-9728-6F67189500AB}.Release|x64.ActiveCfg = Release|x64
		{76735BC3-6E57-49F1-9728-6F67189500AB}.Release|x64.Build.0 = Release|x64
		{76735BC3-6E57-49F1-9728-6F67189500AB}.Release|x64.Deploy.0 = Release|x64
		{76735BC3-6E57-49F1-9728-6F67189500AB}.Release|x86.ActiveCfg = Release|x86
		{76735BC3-6E57-49F1-9728-6F67189500AB}.Release|x86.Build.0 = Release|x86
		{76735BC3-6E57-49F1-9728-6F67189500AB}.Release|x86.Deploy.0 = Release|x86
	EndGlobalSection
	GlobalSection(SolutionProperties) = preSolution
		HideSolutionNode = FALSE
	EndGlobalSection
	GlobalSection(ExtensibilityGlobals) = postSolution
		SolutionGuid = {B2C31152-169F-4CBF-BA49-D2C9AD97DDFA}
	EndGlobalSection
EndGlobal
